dependencies:
- name: elasticsearch
  repository: https://charts.bitnami.com/bitnami
  version: 19.4.0
- name: mariadb
  repository: https://charts.bitnami.com/bitnami
  version: 11.3.0
digest: sha256:b1859bd096b9b627b374755c4ff82058373e2c2ae94e762eb0ee6c1f20ff59d3
generated: "2022-10-06T01:00:18.4579406-06:00"
