dependencies:
- name: elasticsearch
  repository: https://charts.bitnami.com/bitnami
  version: 19.4.0
- name: mariadb
  repository: https://charts.bitnami.com/bitnami
  version: 11.3.0
digest: sha256:17b4f1c046bcbf9d728a9a5f4eec168cbdb20b01bc5d688390705f9eb264170c
generated: "2022-10-05T09:53:54.3088559-06:00"
